
Microsoft Visual Studio Solution File, Format Version 12.00
# Visual Studio Version 17
VisualStudioVersion = 17.8.34511.84
MinimumVisualStudioVersion = 10.0.40219.1
Project("{FAE04EC0-301F-11D3-BF4B-00C04F79EFBC}") = "GrocerySys_DAL", "GrocerySys_DAL\GrocerySys_DAL.csproj", "{74A55BEA-B953-4372-90C4-5F12C8946664}"
EndProject
Project("{FAE04EC0-301F-11D3-BF4B-00C04F79EFBC}") = "GrocerySys_WebApi", "GrocerySys_WebApi\GrocerySys_WebApi.csproj", "{6CAE61FD-54E6-4EF0-800A-109271A99DB3}"
EndProject
Project("{FAE04EC0-301F-11D3-BF4B-00C04F79EFBC}") = "GrocerySys_MVC", "GrocerySys_MVC\GrocerySys_MVC.csproj", "{34A70255-96DE-4A0A-84AC-310E3F300141}"
EndProject
Global
	GlobalSection(SolutionConfigurationPlatforms) = preSolution
		Debug|Any CPU = Debug|Any CPU
		Release|Any CPU = Release|Any CPU
	EndGlobalSection
	GlobalSection(ProjectConfigurationPlatforms) = postSolution
		{74A55BEA-B953-4372-90C4-5F12C8946664}.Debug|Any CPU.ActiveCfg = Debug|Any CPU
		{74A55BEA-B953-4372-90C4-5F12C8946664}.Debug|Any CPU.Build.0 = Debug|Any CPU
		{74A55BEA-B953-4372-90C4-5F12C8946664}.Release|Any CPU.ActiveCfg = Release|Any CPU
		{74A55BEA-B953-4372-90C4-5F12C8946664}.Release|Any CPU.Build.0 = Release|Any CPU
		{6CAE61FD-54E6-4EF0-800A-109271A99DB3}.Debug|Any CPU.ActiveCfg = Debug|Any CPU
		{6CAE61FD-54E6-4EF0-800A-109271A99DB3}.Debug|Any CPU.Build.0 = Debug|Any CPU
		{6CAE61FD-54E6-4EF0-800A-109271A99DB3}.Release|Any CPU.ActiveCfg = Release|Any CPU
		{6CAE61FD-54E6-4EF0-800A-109271A99DB3}.Release|Any CPU.Build.0 = Release|Any CPU
		{34A70255-96DE-4A0A-84AC-310E3F300141}.Debug|Any CPU.ActiveCfg = Debug|Any CPU
		{34A70255-96DE-4A0A-84AC-310E3F300141}.Debug|Any CPU.Build.0 = Debug|Any CPU
		{34A70255-96DE-4A0A-84AC-310E3F300141}.Release|Any CPU.ActiveCfg = Release|Any CPU
		{34A70255-96DE-4A0A-84AC-310E3F300141}.Release|Any CPU.Build.0 = Release|Any CPU
	EndGlobalSection
	GlobalSection(SolutionProperties) = preSolution
		HideSolutionNode = FALSE
	EndGlobalSection
	GlobalSection(ExtensibilityGlobals) = postSolution
		SolutionGuid = {69E00C45-51DA-4001-B7CD-E0EBDBC3DCEA}
	EndGlobalSection
EndGlobal
